
Microsoft Visual Studio Solution File, Format Version 12.00
# Visual Studio Version 17
VisualStudioVersion = 17.5.33516.290
MinimumVisualStudioVersion = 10.0.40219.1
Project("{2150E333-8FDC-42A3-9474-1A3956D46DE8}") = "src", "src", "{F653C20F-ACD4-43C6-90DC-2AA2A4C7EE08}"
EndProject
Project("{2150E333-8FDC-42A3-9474-1A3956D46DE8}") = "Core", "Core", "{BA14E61F-EB82-40C9-8F7F-103CBD106354}"
EndProject
Project("{2150E333-8FDC-42A3-9474-1A3956D46DE8}") = "Infrastructure", "Infrastructure", "{85582E96-AEE6-4B91-9615-7860DD0D6F6F}"
EndProject
Project("{2150E333-8FDC-42A3-9474-1A3956D46DE8}") = "Presentation", "Presentation", "{AC5CBFF0-5245-4A5F-A043-5DBE1211ED34}"
EndProject
Project("{9A19103F-16F7-4668-BE54-9A1E7A4F7556}") = "InventorySalesDemo.Domain", "InventorySalesDemo.Domain\InventorySalesDemo.Domain.csproj", "{999DE558-69D8-4B91-B601-131B274891EF}"
EndProject
Project("{9A19103F-16F7-4668-BE54-9A1E7A4F7556}") = "InventorySalesDemo.Application", "InventorySalesDemo.Application\InventorySalesDemo.Application.csproj", "{9782F2F2-41CD-4F26-A6C2-F4F06D3CD49C}"
EndProject
Project("{9A19103F-16F7-4668-BE54-9A1E7A4F7556}") = "InventorySalesDemo.Persistence", "InventorySalesDemo.Persistence\InventorySalesDemo.Persistence.csproj", "{1842A323-2C09-41C0-9A42-8AF1E3B2A098}"
EndProject
Project("{9A19103F-16F7-4668-BE54-9A1E7A4F7556}") = "InventorySalesDemo.ServiceContract", "InventorySalesDemo.ServiceContract\InventorySalesDemo.ServiceContract.csproj", "{7A2227BC-4972-46AA-81BD-4B0FF5ACF2DE}"
EndProject
Project("{9A19103F-16F7-4668-BE54-9A1E7A4F7556}") = "InventorySalesDemo.ServiceRepository", "InventorySalesDemo.ServiceRepository\InventorySalesDemo.ServiceRepository.csproj", "{98CB7603-A96C-4385-99D7-537E7EE023EA}"
EndProject
Project("{9A19103F-16F7-4668-BE54-9A1E7A4F7556}") = "InventorySalesDemo.WebApi", "InventorySalesDemo.WebApi\InventorySalesDemo.WebApi.csproj", "{950726A4-C6A5-4BE6-88DE-B09BB85525B6}"
EndProject
Project("{FAE04EC0-301F-11D3-BF4B-00C04F79EFBC}") = "LoggerService", "LoggerService\LoggerService.csproj", "{5E4A6642-756F-46C9-AB77-74DE54612DF6}"
EndProject
Global
	GlobalSection(SolutionConfigurationPlatforms) = preSolution
		Debug|Any CPU = Debug|Any CPU
		Release|Any CPU = Release|Any CPU
	EndGlobalSection
	GlobalSection(ProjectConfigurationPlatforms) = postSolution
		{999DE558-69D8-4B91-B601-131B274891EF}.Debug|Any CPU.ActiveCfg = Debug|Any CPU
		{999DE558-69D8-4B91-B601-131B274891EF}.Debug|Any CPU.Build.0 = Debug|Any CPU
		{999DE558-69D8-4B91-B601-131B274891EF}.Release|Any CPU.ActiveCfg = Release|Any CPU
		{999DE558-69D8-4B91-B601-131B274891EF}.Release|Any CPU.Build.0 = Release|Any CPU
		{9782F2F2-41CD-4F26-A6C2-F4F06D3CD49C}.Debug|Any CPU.ActiveCfg = Debug|Any CPU
		{9782F2F2-41CD-4F26-A6C2-F4F06D3CD49C}.Debug|Any CPU.Build.0 = Debug|Any CPU
		{9782F2F2-41CD-4F26-A6C2-F4F06D3CD49C}.Release|Any CPU.ActiveCfg = Release|Any CPU
		{9782F2F2-41CD-4F26-A6C2-F4F06D3CD49C}.Release|Any CPU.Build.0 = Release|Any CPU
		{1842A323-2C09-41C0-9A42-8AF1E3B2A098}.Debug|Any CPU.ActiveCfg = Debug|Any CPU
		{1842A323-2C09-41C0-9A42-8AF1E3B2A098}.Debug|Any CPU.Build.0 = Debug|Any CPU
		{1842A323-2C09-41C0-9A42-8AF1E3B2A098}.Release|Any CPU.ActiveCfg = Release|Any CPU
		{1842A323-2C09-41C0-9A42-8AF1E3B2A098}.Release|Any CPU.Build.0 = Release|Any CPU
		{7A2227BC-4972-46AA-81BD-4B0FF5ACF2DE}.Debug|Any CPU.ActiveCfg = Debug|Any CPU
		{7A2227BC-4972-46AA-81BD-4B0FF5ACF2DE}.Debug|Any CPU.Build.0 = Debug|Any CPU
		{7A2227BC-4972-46AA-81BD-4B0FF5ACF2DE}.Release|Any CPU.ActiveCfg = Release|Any CPU
		{7A2227BC-4972-46AA-81BD-4B0FF5ACF2DE}.Release|Any CPU.Build.0 = Release|Any CPU
		{98CB7603-A96C-4385-99D7-537E7EE023EA}.Debug|Any CPU.ActiveCfg = Debug|Any CPU
		{98CB7603-A96C-4385-99D7-537E7EE023EA}.Debug|Any CPU.Build.0 = Debug|Any CPU
		{98CB7603-A96C-4385-99D7-537E7EE023EA}.Release|Any CPU.ActiveCfg = Release|Any CPU
		{98CB7603-A96C-4385-99D7-537E7EE023EA}.Release|Any CPU.Build.0 = Release|Any CPU
		{950726A4-C6A5-4BE6-88DE-B09BB85525B6}.Debug|Any CPU.ActiveCfg = Debug|Any CPU
		{950726A4-C6A5-4BE6-88DE-B09BB85525B6}.Debug|Any CPU.Build.0 = Debug|Any CPU
		{950726A4-C6A5-4BE6-88DE-B09BB85525B6}.Release|Any CPU.ActiveCfg = Release|Any CPU
		{950726A4-C6A5-4BE6-88DE-B09BB85525B6}.Release|Any CPU.Build.0 = Release|Any CPU
		{5E4A6642-756F-46C9-AB77-74DE54612DF6}.Debug|Any CPU.ActiveCfg = Debug|Any CPU
		{5E4A6642-756F-46C9-AB77-74DE54612DF6}.Debug|Any CPU.Build.0 = Debug|Any CPU
		{5E4A6642-756F-46C9-AB77-74DE54612DF6}.Release|Any CPU.ActiveCfg = Release|Any CPU
		{5E4A6642-756F-46C9-AB77-74DE54612DF6}.Release|Any CPU.Build.0 = Release|Any CPU
	EndGlobalSection
	GlobalSection(SolutionProperties) = preSolution
		HideSolutionNode = FALSE
	EndGlobalSection
	GlobalSection(NestedProjects) = preSolution
		{BA14E61F-EB82-40C9-8F7F-103CBD106354} = {F653C20F-ACD4-43C6-90DC-2AA2A4C7EE08}
		{85582E96-AEE6-4B91-9615-7860DD0D6F6F} = {F653C20F-ACD4-43C6-90DC-2AA2A4C7EE08}
		{AC5CBFF0-5245-4A5F-A043-5DBE1211ED34} = {F653C20F-ACD4-43C6-90DC-2AA2A4C7EE08}
		{999DE558-69D8-4B91-B601-131B274891EF} = {BA14E61F-EB82-40C9-8F7F-103CBD106354}
		{9782F2F2-41CD-4F26-A6C2-F4F06D3CD49C} = {BA14E61F-EB82-40C9-8F7F-103CBD106354}
		{1842A323-2C09-41C0-9A42-8AF1E3B2A098} = {85582E96-AEE6-4B91-9615-7860DD0D6F6F}
		{7A2227BC-4972-46AA-81BD-4B0FF5ACF2DE} = {85582E96-AEE6-4B91-9615-7860DD0D6F6F}
		{98CB7603-A96C-4385-99D7-537E7EE023EA} = {85582E96-AEE6-4B91-9615-7860DD0D6F6F}
		{950726A4-C6A5-4BE6-88DE-B09BB85525B6} = {AC5CBFF0-5245-4A5F-A043-5DBE1211ED34}
		{5E4A6642-756F-46C9-AB77-74DE54612DF6} = {BA14E61F-EB82-40C9-8F7F-103CBD106354}
	EndGlobalSection
	GlobalSection(ExtensibilityGlobals) = postSolution
		SolutionGuid = {585EFFB0-D3F4-4E35-A39D-88EC75ABFA77}
	EndGlobalSection
EndGlobal
